// !$*UTF8*$!
{
	archiveVersion = 1;
	classes = {
	};
	objectVersion = 46;
	objects = {

/* Begin PBXBuildFile section */
		043BA15A1DC89A2800262430 /* SliderCell.swift in Sources */ = {isa = PBXBuildFile; fileRef = 043BA1581DC89A2800262430 /* SliderCell.swift */; };
		043BA15B1DC89A2800262430 /* SliderCell.xib in Resources */ = {isa = PBXBuildFile; fileRef = 043BA1591DC89A2800262430 /* SliderCell.xib */; };
		043BA15D1DCA148C00262430 /* EmployeeEditEventViewController.swift in Sources */ = {isa = PBXBuildFile; fileRef = 043BA15C1DCA148C00262430 /* EmployeeEditEventViewController.swift */; };
		0463E87D1DC442C500D93E93 /* PopoverMenuViewController.swift in Sources */ = {isa = PBXBuildFile; fileRef = 0463E87C1DC442C500D93E93 /* PopoverMenuViewController.swift */; };
		04852D241DB37F9700229CAE /* MSCollectionViewCalendarLayout.m in Sources */ = {isa = PBXBuildFile; fileRef = 04852CFF1DB37F9700229CAE /* MSCollectionViewCalendarLayout.m */; };
		04852D251DB37F9700229CAE /* MSWeekView.m in Sources */ = {isa = PBXBuildFile; fileRef = 04852D011DB37F9700229CAE /* MSWeekView.m */; };
		04852D261DB37F9700229CAE /* MSCurrentTimeGridline.m in Sources */ = {isa = PBXBuildFile; fileRef = 04852D041DB37F9700229CAE /* MSCurrentTimeGridline.m */; };
		04852D271DB37F9700229CAE /* MSCurrentTimeIndicator.m in Sources */ = {isa = PBXBuildFile; fileRef = 04852D061DB37F9700229CAE /* MSCurrentTimeIndicator.m */; };
		04852D281DB37F9700229CAE /* MSDayColumnHeader.m in Sources */ = {isa = PBXBuildFile; fileRef = 04852D081DB37F9700229CAE /* MSDayColumnHeader.m */; };
		04852D291DB37F9700229CAE /* MSDayColumnHeaderBackground.m in Sources */ = {isa = PBXBuildFile; fileRef = 04852D0A1DB37F9700229CAE /* MSDayColumnHeaderBackground.m */; };
		04852D2A1DB37F9700229CAE /* MSDragableEvent.m in Sources */ = {isa = PBXBuildFile; fileRef = 04852D0C1DB37F9700229CAE /* MSDragableEvent.m */; };
		04852D2B1DB37F9700229CAE /* MSEvent.m in Sources */ = {isa = PBXBuildFile; fileRef = 04852D0E1DB37F9700229CAE /* MSEvent.m */; };
		04852D2C1DB37F9700229CAE /* MSEventCell.m in Sources */ = {isa = PBXBuildFile; fileRef = 04852D101DB37F9700229CAE /* MSEventCell.m */; };
		04852D2D1DB37F9700229CAE /* MSGridline.m in Sources */ = {isa = PBXBuildFile; fileRef = 04852D121DB37F9700229CAE /* MSGridline.m */; };
		04852D2E1DB37F9700229CAE /* MSTimeRowHeader.m in Sources */ = {isa = PBXBuildFile; fileRef = 04852D141DB37F9700229CAE /* MSTimeRowHeader.m */; };
		04852D2F1DB37F9700229CAE /* MSTimeRowHeaderBackground.m in Sources */ = {isa = PBXBuildFile; fileRef = 04852D161DB37F9700229CAE /* MSTimeRowHeaderBackground.m */; };
		04852D301DB37F9700229CAE /* MSWeekViewDecorator.m in Sources */ = {isa = PBXBuildFile; fileRef = 04852D1A1DB37F9700229CAE /* MSWeekViewDecorator.m */; };
		04852D311DB37F9700229CAE /* MSWeekViewDecoratorDragable.m in Sources */ = {isa = PBXBuildFile; fileRef = 04852D1C1DB37F9700229CAE /* MSWeekViewDecoratorDragable.m */; };
		04852D321DB37F9700229CAE /* MSWeekViewDecoratorFactory.m in Sources */ = {isa = PBXBuildFile; fileRef = 04852D1E1DB37F9700229CAE /* MSWeekViewDecoratorFactory.m */; };
		04852D331DB37F9700229CAE /* MSWeekViewDecoratorInfinite.m in Sources */ = {isa = PBXBuildFile; fileRef = 04852D201DB37F9700229CAE /* MSWeekViewDecoratorInfinite.m */; };
		04852D341DB37F9700229CAE /* MSWeekViewDecoratorNewEvent.m in Sources */ = {isa = PBXBuildFile; fileRef = 04852D221DB37F9700229CAE /* MSWeekViewDecoratorNewEvent.m */; };
		04BCE11D1DB38C32004A8162 /* EmployeeWeekViewController.swift in Sources */ = {isa = PBXBuildFile; fileRef = 04BCE11C1DB38C32004A8162 /* EmployeeWeekViewController.swift */; };
		04BCE1201DB46AB4004A8162 /* EmployeeEventWeekViewController.swift in Sources */ = {isa = PBXBuildFile; fileRef = 04BCE11F1DB46AB4004A8162 /* EmployeeEventWeekViewController.swift */; };
		04BCE1221DB46D65004A8162 /* EmployeeAddEventViewController.swift in Sources */ = {isa = PBXBuildFile; fileRef = 04BCE1211DB46D65004A8162 /* EmployeeAddEventViewController.swift */; };
		04BCE1241DB470E7004A8162 /* DatePickerCell.swift in Sources */ = {isa = PBXBuildFile; fileRef = 04BCE1231DB470E7004A8162 /* DatePickerCell.swift */; };
		04BCE1261DB470EF004A8162 /* DatePickerCell.xib in Resources */ = {isa = PBXBuildFile; fileRef = 04BCE1251DB470EF004A8162 /* DatePickerCell.xib */; };
		04BCE1291DB480FE004A8162 /* ShiftViewController.swift in Sources */ = {isa = PBXBuildFile; fileRef = 04BCE1281DB480FD004A8162 /* ShiftViewController.swift */; };
		04BCE12B1DB4836A004A8162 /* ManagerShiftViewController.swift in Sources */ = {isa = PBXBuildFile; fileRef = 04BCE12A1DB4836A004A8162 /* ManagerShiftViewController.swift */; };
		04BCE12D1DB483B0004A8162 /* ManagerShiftDetailViewController.swift in Sources */ = {isa = PBXBuildFile; fileRef = 04BCE12C1DB483B0004A8162 /* ManagerShiftDetailViewController.swift */; };
		04BCE12F1DB490A1004A8162 /* ConditionTableViewCell.swift in Sources */ = {isa = PBXBuildFile; fileRef = 04BCE12E1DB490A1004A8162 /* ConditionTableViewCell.swift */; };
		04BCE1311DB490B9004A8162 /* ShiftEmployeeTableViewCell.swift in Sources */ = {isa = PBXBuildFile; fileRef = 04BCE1301DB490B9004A8162 /* ShiftEmployeeTableViewCell.swift */; };
		04BCE1341DB496C3004A8162 /* ManagerSetEventController.swift in Sources */ = {isa = PBXBuildFile; fileRef = 04BCE1331DB496C3004A8162 /* ManagerSetEventController.swift */; };
		04BCE1361DB496D1004A8162 /* addEventTableViewController.swift in Sources */ = {isa = PBXBuildFile; fileRef = 04BCE1351DB496D1004A8162 /* addEventTableViewController.swift */; };
		04BCE1381DB496DA004A8162 /* editEventTableViewController.swift in Sources */ = {isa = PBXBuildFile; fileRef = 04BCE1371DB496DA004A8162 /* editEventTableViewController.swift */; };
		04BCE13A1DB49934004A8162 /* employeeCell.swift in Sources */ = {isa = PBXBuildFile; fileRef = 04BCE1391DB49934004A8162 /* employeeCell.swift */; };
		04EAAE821DBB49FD00AB7853 /* GoogleService-Info.plist in Resources */ = {isa = PBXBuildFile; fileRef = 04EAAE811DBB49FD00AB7853 /* GoogleService-Info.plist */; };
		430738C71D59E108006F749A /* LoginViewContoller.swift in Sources */ = {isa = PBXBuildFile; fileRef = 430738C61D59E108006F749A /* LoginViewContoller.swift */; };
		4310221E1D60D6EB00C47D22 /* Notification.swift in Sources */ = {isa = PBXBuildFile; fileRef = 4310221D1D60D6EB00C47D22 /* Notification.swift */; };
		431022221D60E8F400C47D22 /* Settings.swift in Sources */ = {isa = PBXBuildFile; fileRef = 431022211D60E8F400C47D22 /* Settings.swift */; };
		431554F01DD06123008434BB /* Helpers.swift in Sources */ = {isa = PBXBuildFile; fileRef = 431554EF1DD06123008434BB /* Helpers.swift */; };
		43173E081D5328620043399F /* AppDelegate.swift in Sources */ = {isa = PBXBuildFile; fileRef = 43173E071D5328620043399F /* AppDelegate.swift */; };
		43173E0D1D5328620043399F /* Main.storyboard in Resources */ = {isa = PBXBuildFile; fileRef = 43173E0B1D5328620043399F /* Main.storyboard */; };
		43173E0F1D5328620043399F /* Assets.xcassets in Resources */ = {isa = PBXBuildFile; fileRef = 43173E0E1D5328620043399F /* Assets.xcassets */; };
		43173E121D5328620043399F /* LaunchScreen.storyboard in Resources */ = {isa = PBXBuildFile; fileRef = 43173E101D5328620043399F /* LaunchScreen.storyboard */; };
		432614381DABC64C0080AD10 /* TextInputTableViewCell.xib in Resources */ = {isa = PBXBuildFile; fileRef = 432614371DABC64C0080AD10 /* TextInputTableViewCell.xib */; };
		4326143F1DACCD4D0080AD10 /* DateTableViewCell.swift in Sources */ = {isa = PBXBuildFile; fileRef = 4326143D1DACCD4D0080AD10 /* DateTableViewCell.swift */; };
		432614401DACCD4D0080AD10 /* DateTableViewCell.xib in Resources */ = {isa = PBXBuildFile; fileRef = 4326143E1DACCD4D0080AD10 /* DateTableViewCell.xib */; };
		432687341D83DD2A003BD479 /* TextInputTableViewCell.swift in Sources */ = {isa = PBXBuildFile; fileRef = 432687331D83DD2A003BD479 /* TextInputTableViewCell.swift */; };
		435A374C1DBF261400BA6974 /* NotificationTableViewCell.swift in Sources */ = {isa = PBXBuildFile; fileRef = 435A374A1DBF261400BA6974 /* NotificationTableViewCell.swift */; };
		435A374D1DBF261400BA6974 /* NotificationTableViewCell.xib in Resources */ = {isa = PBXBuildFile; fileRef = 435A374B1DBF261400BA6974 /* NotificationTableViewCell.xib */; };
		43D2EDBC1DAF95AB00E5133E /* TabBarViewController.swift in Sources */ = {isa = PBXBuildFile; fileRef = 43D2EDBB1DAF95AB00E5133E /* TabBarViewController.swift */; };
		43DBC69C1DD4A90200B8A426 /* TransferableViewController.swift in Sources */ = {isa = PBXBuildFile; fileRef = 43DBC69B1DD4A90200B8A426 /* TransferableViewController.swift */; };
		43F708261DBDE90A006432EB /* Bulletin.swift in Sources */ = {isa = PBXBuildFile; fileRef = 43F708251DBDE90A006432EB /* Bulletin.swift */; };
		43F96E8A1DE172FF00B7D460 /* BulletinCompose.swift in Sources */ = {isa = PBXBuildFile; fileRef = 43F96E891DE172FF00B7D460 /* BulletinCompose.swift */; };
		43F96E8C1DE19A4900B7D460 /* BulletinDetail.swift in Sources */ = {isa = PBXBuildFile; fileRef = 43F96E8B1DE19A4900B7D460 /* BulletinDetail.swift */; };
		4E9E99121DE6D64500B681A0 /* DetailTableViewController.swift in Sources */ = {isa = PBXBuildFile; fileRef = 4E9E99101DE6D64500B681A0 /* DetailTableViewController.swift */; };
		4E9E99131DE6D64500B681A0 /* InformationTableViewController.swift in Sources */ = {isa = PBXBuildFile; fileRef = 4E9E99111DE6D64500B681A0 /* InformationTableViewController.swift */; };
		CDCF55F9FA1EE4396F39383B /* Pods_shifter.framework in Frameworks */ = {isa = PBXBuildFile; fileRef = 735680C7B9CA8A9AB24F547B /* Pods_shifter.framework */; };
/* End PBXBuildFile section */

/* Begin PBXFileReference section */
		043BA1581DC89A2800262430 /* SliderCell.swift */ = {isa = PBXFileReference; fileEncoding = 4; lastKnownFileType = sourcecode.swift; path = SliderCell.swift; sourceTree = "<group>"; };
		043BA1591DC89A2800262430 /* SliderCell.xib */ = {isa = PBXFileReference; fileEncoding = 4; lastKnownFileType = file.xib; path = SliderCell.xib; sourceTree = "<group>"; };
		043BA15C1DCA148C00262430 /* EmployeeEditEventViewController.swift */ = {isa = PBXFileReference; fileEncoding = 4; lastKnownFileType = sourcecode.swift; path = EmployeeEditEventViewController.swift; sourceTree = "<group>"; };
		0463E87C1DC442C500D93E93 /* PopoverMenuViewController.swift */ = {isa = PBXFileReference; fileEncoding = 4; lastKnownFileType = sourcecode.swift; path = PopoverMenuViewController.swift; sourceTree = "<group>"; };
		0468C0411DBA6E29003CC48A /* PopupDialog.framework */ = {isa = PBXFileReference; lastKnownFileType = wrapper.framework; name = PopupDialog.framework; path = "../../Library/Developer/Xcode/DerivedData/shifter-aqhidcuryzshjydgomlseguncljs/Build/Products/Debug-iphonesimulator/PopupDialog/PopupDialog.framework"; sourceTree = "<group>"; };
		04852CF91DB37F6600229CAE /* shifter-Bridging-Header.h */ = {isa = PBXFileReference; lastKnownFileType = sourcecode.c.h; name = "shifter-Bridging-Header.h"; path = "../shifter-Bridging-Header.h"; sourceTree = "<group>"; };
		04852CFE1DB37F9700229CAE /* MSCollectionViewCalendarLayout.h */ = {isa = PBXFileReference; fileEncoding = 4; lastKnownFileType = sourcecode.c.h; path = MSCollectionViewCalendarLayout.h; sourceTree = "<group>"; };
		04852CFF1DB37F9700229CAE /* MSCollectionViewCalendarLayout.m */ = {isa = PBXFileReference; fileEncoding = 4; lastKnownFileType = sourcecode.c.objc; path = MSCollectionViewCalendarLayout.m; sourceTree = "<group>"; };
		04852D001DB37F9700229CAE /* MSWeekView.h */ = {isa = PBXFileReference; fileEncoding = 4; lastKnownFileType = sourcecode.c.h; path = MSWeekView.h; sourceTree = "<group>"; };
		04852D011DB37F9700229CAE /* MSWeekView.m */ = {isa = PBXFileReference; fileEncoding = 4; lastKnownFileType = sourcecode.c.objc; path = MSWeekView.m; sourceTree = "<group>"; };
		04852D031DB37F9700229CAE /* MSCurrentTimeGridline.h */ = {isa = PBXFileReference; fileEncoding = 4; lastKnownFileType = sourcecode.c.h; path = MSCurrentTimeGridline.h; sourceTree = "<group>"; };
		04852D041DB37F9700229CAE /* MSCurrentTimeGridline.m */ = {isa = PBXFileReference; fileEncoding = 4; lastKnownFileType = sourcecode.c.objc; path = MSCurrentTimeGridline.m; sourceTree = "<group>"; };
		04852D051DB37F9700229CAE /* MSCurrentTimeIndicator.h */ = {isa = PBXFileReference; fileEncoding = 4; lastKnownFileType = sourcecode.c.h; path = MSCurrentTimeIndicator.h; sourceTree = "<group>"; };
		04852D061DB37F9700229CAE /* MSCurrentTimeIndicator.m */ = {isa = PBXFileReference; fileEncoding = 4; lastKnownFileType = sourcecode.c.objc; path = MSCurrentTimeIndicator.m; sourceTree = "<group>"; };
		04852D071DB37F9700229CAE /* MSDayColumnHeader.h */ = {isa = PBXFileReference; fileEncoding = 4; lastKnownFileType = sourcecode.c.h; path = MSDayColumnHeader.h; sourceTree = "<group>"; };
		04852D081DB37F9700229CAE /* MSDayColumnHeader.m */ = {isa = PBXFileReference; fileEncoding = 4; lastKnownFileType = sourcecode.c.objc; path = MSDayColumnHeader.m; sourceTree = "<group>"; };
		04852D091DB37F9700229CAE /* MSDayColumnHeaderBackground.h */ = {isa = PBXFileReference; fileEncoding = 4; lastKnownFileType = sourcecode.c.h; path = MSDayColumnHeaderBackground.h; sourceTree = "<group>"; };
		04852D0A1DB37F9700229CAE /* MSDayColumnHeaderBackground.m */ = {isa = PBXFileReference; fileEncoding = 4; lastKnownFileType = sourcecode.c.objc; path = MSDayColumnHeaderBackground.m; sourceTree = "<group>"; };
		04852D0B1DB37F9700229CAE /* MSDragableEvent.h */ = {isa = PBXFileReference; fileEncoding = 4; lastKnownFileType = sourcecode.c.h; path = MSDragableEvent.h; sourceTree = "<group>"; };
		04852D0C1DB37F9700229CAE /* MSDragableEvent.m */ = {isa = PBXFileReference; fileEncoding = 4; lastKnownFileType = sourcecode.c.objc; path = MSDragableEvent.m; sourceTree = "<group>"; };
		04852D0D1DB37F9700229CAE /* MSEvent.h */ = {isa = PBXFileReference; fileEncoding = 4; lastKnownFileType = sourcecode.c.h; path = MSEvent.h; sourceTree = "<group>"; };
		04852D0E1DB37F9700229CAE /* MSEvent.m */ = {isa = PBXFileReference; fileEncoding = 4; lastKnownFileType = sourcecode.c.objc; path = MSEvent.m; sourceTree = "<group>"; };
		04852D0F1DB37F9700229CAE /* MSEventCell.h */ = {isa = PBXFileReference; fileEncoding = 4; lastKnownFileType = sourcecode.c.h; path = MSEventCell.h; sourceTree = "<group>"; };
		04852D101DB37F9700229CAE /* MSEventCell.m */ = {isa = PBXFileReference; fileEncoding = 4; lastKnownFileType = sourcecode.c.objc; path = MSEventCell.m; sourceTree = "<group>"; };
		04852D111DB37F9700229CAE /* MSGridline.h */ = {isa = PBXFileReference; fileEncoding = 4; lastKnownFileType = sourcecode.c.h; path = MSGridline.h; sourceTree = "<group>"; };
		04852D121DB37F9700229CAE /* MSGridline.m */ = {isa = PBXFileReference; fileEncoding = 4; lastKnownFileType = sourcecode.c.objc; path = MSGridline.m; sourceTree = "<group>"; };
		04852D131DB37F9700229CAE /* MSTimeRowHeader.h */ = {isa = PBXFileReference; fileEncoding = 4; lastKnownFileType = sourcecode.c.h; path = MSTimeRowHeader.h; sourceTree = "<group>"; };
		04852D141DB37F9700229CAE /* MSTimeRowHeader.m */ = {isa = PBXFileReference; fileEncoding = 4; lastKnownFileType = sourcecode.c.objc; path = MSTimeRowHeader.m; sourceTree = "<group>"; };
		04852D151DB37F9700229CAE /* MSTimeRowHeaderBackground.h */ = {isa = PBXFileReference; fileEncoding = 4; lastKnownFileType = sourcecode.c.h; path = MSTimeRowHeaderBackground.h; sourceTree = "<group>"; };
		04852D161DB37F9700229CAE /* MSTimeRowHeaderBackground.m */ = {isa = PBXFileReference; fileEncoding = 4; lastKnownFileType = sourcecode.c.objc; path = MSTimeRowHeaderBackground.m; sourceTree = "<group>"; };
		04852D191DB37F9700229CAE /* MSWeekViewDecorator.h */ = {isa = PBXFileReference; fileEncoding = 4; lastKnownFileType = sourcecode.c.h; path = MSWeekViewDecorator.h; sourceTree = "<group>"; };
		04852D1A1DB37F9700229CAE /* MSWeekViewDecorator.m */ = {isa = PBXFileReference; fileEncoding = 4; lastKnownFileType = sourcecode.c.objc; path = MSWeekViewDecorator.m; sourceTree = "<group>"; };
		04852D1B1DB37F9700229CAE /* MSWeekViewDecoratorDragable.h */ = {isa = PBXFileReference; fileEncoding = 4; lastKnownFileType = sourcecode.c.h; path = MSWeekViewDecoratorDragable.h; sourceTree = "<group>"; };
		04852D1C1DB37F9700229CAE /* MSWeekViewDecoratorDragable.m */ = {isa = PBXFileReference; fileEncoding = 4; lastKnownFileType = sourcecode.c.objc; path = MSWeekViewDecoratorDragable.m; sourceTree = "<group>"; };
		04852D1D1DB37F9700229CAE /* MSWeekViewDecoratorFactory.h */ = {isa = PBXFileReference; fileEncoding = 4; lastKnownFileType = sourcecode.c.h; path = MSWeekViewDecoratorFactory.h; sourceTree = "<group>"; };
		04852D1E1DB37F9700229CAE /* MSWeekViewDecoratorFactory.m */ = {isa = PBXFileReference; fileEncoding = 4; lastKnownFileType = sourcecode.c.objc; path = MSWeekViewDecoratorFactory.m; sourceTree = "<group>"; };
		04852D1F1DB37F9700229CAE /* MSWeekViewDecoratorInfinite.h */ = {isa = PBXFileReference; fileEncoding = 4; lastKnownFileType = sourcecode.c.h; path = MSWeekViewDecoratorInfinite.h; sourceTree = "<group>"; };
		04852D201DB37F9700229CAE /* MSWeekViewDecoratorInfinite.m */ = {isa = PBXFileReference; fileEncoding = 4; lastKnownFileType = sourcecode.c.objc; path = MSWeekViewDecoratorInfinite.m; sourceTree = "<group>"; };
		04852D211DB37F9700229CAE /* MSWeekViewDecoratorNewEvent.h */ = {isa = PBXFileReference; fileEncoding = 4; lastKnownFileType = sourcecode.c.h; path = MSWeekViewDecoratorNewEvent.h; sourceTree = "<group>"; };
		04852D221DB37F9700229CAE /* MSWeekViewDecoratorNewEvent.m */ = {isa = PBXFileReference; fileEncoding = 4; lastKnownFileType = sourcecode.c.objc; path = MSWeekViewDecoratorNewEvent.m; sourceTree = "<group>"; };
		04BCE11C1DB38C32004A8162 /* EmployeeWeekViewController.swift */ = {isa = PBXFileReference; fileEncoding = 4; lastKnownFileType = sourcecode.swift; path = EmployeeWeekViewController.swift; sourceTree = "<group>"; };
		04BCE11E1DB39093004A8162 /* shifter.entitlements */ = {isa = PBXFileReference; lastKnownFileType = text.plist.entitlements; path = shifter.entitlements; sourceTree = "<group>"; };
		04BCE11F1DB46AB4004A8162 /* EmployeeEventWeekViewController.swift */ = {isa = PBXFileReference; fileEncoding = 4; lastKnownFileType = sourcecode.swift; path = EmployeeEventWeekViewController.swift; sourceTree = "<group>"; };
		04BCE1211DB46D65004A8162 /* EmployeeAddEventViewController.swift */ = {isa = PBXFileReference; fileEncoding = 4; lastKnownFileType = sourcecode.swift; path = EmployeeAddEventViewController.swift; sourceTree = "<group>"; };
		04BCE1231DB470E7004A8162 /* DatePickerCell.swift */ = {isa = PBXFileReference; fileEncoding = 4; lastKnownFileType = sourcecode.swift; path = DatePickerCell.swift; sourceTree = "<group>"; };
		04BCE1251DB470EF004A8162 /* DatePickerCell.xib */ = {isa = PBXFileReference; fileEncoding = 4; lastKnownFileType = file.xib; path = DatePickerCell.xib; sourceTree = "<group>"; };
		04BCE1281DB480FD004A8162 /* ShiftViewController.swift */ = {isa = PBXFileReference; fileEncoding = 4; lastKnownFileType = sourcecode.swift; path = ShiftViewController.swift; sourceTree = "<group>"; };
		04BCE12A1DB4836A004A8162 /* ManagerShiftViewController.swift */ = {isa = PBXFileReference; fileEncoding = 4; lastKnownFileType = sourcecode.swift; path = ManagerShiftViewController.swift; sourceTree = "<group>"; };
		04BCE12C1DB483B0004A8162 /* ManagerShiftDetailViewController.swift */ = {isa = PBXFileReference; fileEncoding = 4; lastKnownFileType = sourcecode.swift; path = ManagerShiftDetailViewController.swift; sourceTree = "<group>"; };
		04BCE12E1DB490A1004A8162 /* ConditionTableViewCell.swift */ = {isa = PBXFileReference; fileEncoding = 4; lastKnownFileType = sourcecode.swift; path = ConditionTableViewCell.swift; sourceTree = "<group>"; };
		04BCE1301DB490B9004A8162 /* ShiftEmployeeTableViewCell.swift */ = {isa = PBXFileReference; fileEncoding = 4; lastKnownFileType = sourcecode.swift; path = ShiftEmployeeTableViewCell.swift; sourceTree = "<group>"; };
		04BCE1331DB496C3004A8162 /* ManagerSetEventController.swift */ = {isa = PBXFileReference; fileEncoding = 4; lastKnownFileType = sourcecode.swift; path = ManagerSetEventController.swift; sourceTree = "<group>"; };
		04BCE1351DB496D1004A8162 /* addEventTableViewController.swift */ = {isa = PBXFileReference; fileEncoding = 4; lastKnownFileType = sourcecode.swift; path = addEventTableViewController.swift; sourceTree = "<group>"; };
		04BCE1371DB496DA004A8162 /* editEventTableViewController.swift */ = {isa = PBXFileReference; fileEncoding = 4; lastKnownFileType = sourcecode.swift; path = editEventTableViewController.swift; sourceTree = "<group>"; };
		04BCE1391DB49934004A8162 /* employeeCell.swift */ = {isa = PBXFileReference; fileEncoding = 4; lastKnownFileType = sourcecode.swift; path = employeeCell.swift; sourceTree = "<group>"; };
		04EAAE811DBB49FD00AB7853 /* GoogleService-Info.plist */ = {isa = PBXFileReference; fileEncoding = 4; lastKnownFileType = text.plist.xml; path = "GoogleService-Info.plist"; sourceTree = "<group>"; };
		430738C61D59E108006F749A /* LoginViewContoller.swift */ = {isa = PBXFileReference; fileEncoding = 4; lastKnownFileType = sourcecode.swift; path = LoginViewContoller.swift; sourceTree = "<group>"; };
		4310221D1D60D6EB00C47D22 /* Notification.swift */ = {isa = PBXFileReference; fileEncoding = 4; lastKnownFileType = sourcecode.swift; path = Notification.swift; sourceTree = "<group>"; };
		431022211D60E8F400C47D22 /* Settings.swift */ = {isa = PBXFileReference; fileEncoding = 4; lastKnownFileType = sourcecode.swift; path = Settings.swift; sourceTree = "<group>"; };
		431554EF1DD06123008434BB /* Helpers.swift */ = {isa = PBXFileReference; fileEncoding = 4; lastKnownFileType = sourcecode.swift; path = Helpers.swift; sourceTree = "<group>"; };
		43173E041D5328620043399F /* shifter.app */ = {isa = PBXFileReference; explicitFileType = wrapper.application; includeInIndex = 0; path = shifter.app; sourceTree = BUILT_PRODUCTS_DIR; };
		43173E071D5328620043399F /* AppDelegate.swift */ = {isa = PBXFileReference; lastKnownFileType = sourcecode.swift; path = AppDelegate.swift; sourceTree = "<group>"; };
		43173E0C1D5328620043399F /* Base */ = {isa = PBXFileReference; lastKnownFileType = file.storyboard; name = Base; path = Base.lproj/Main.storyboard; sourceTree = "<group>"; };
		43173E0E1D5328620043399F /* Assets.xcassets */ = {isa = PBXFileReference; lastKnownFileType = folder.assetcatalog; path = Assets.xcassets; sourceTree = "<group>"; };
		43173E111D5328620043399F /* Base */ = {isa = PBXFileReference; lastKnownFileType = file.storyboard; name = Base; path = Base.lproj/LaunchScreen.storyboard; sourceTree = "<group>"; };
		43173E131D5328620043399F /* Info.plist */ = {isa = PBXFileReference; lastKnownFileType = text.plist.xml; path = Info.plist; sourceTree = "<group>"; };
		432614371DABC64C0080AD10 /* TextInputTableViewCell.xib */ = {isa = PBXFileReference; fileEncoding = 4; lastKnownFileType = file.xib; path = TextInputTableViewCell.xib; sourceTree = "<group>"; };
		4326143D1DACCD4D0080AD10 /* DateTableViewCell.swift */ = {isa = PBXFileReference; fileEncoding = 4; lastKnownFileType = sourcecode.swift; path = DateTableViewCell.swift; sourceTree = "<group>"; };
		4326143E1DACCD4D0080AD10 /* DateTableViewCell.xib */ = {isa = PBXFileReference; fileEncoding = 4; lastKnownFileType = file.xib; path = DateTableViewCell.xib; sourceTree = "<group>"; };
		432687331D83DD2A003BD479 /* TextInputTableViewCell.swift */ = {isa = PBXFileReference; fileEncoding = 4; lastKnownFileType = sourcecode.swift; path = TextInputTableViewCell.swift; sourceTree = "<group>"; };
		435A374A1DBF261400BA6974 /* NotificationTableViewCell.swift */ = {isa = PBXFileReference; fileEncoding = 4; lastKnownFileType = sourcecode.swift; path = NotificationTableViewCell.swift; sourceTree = "<group>"; };
		435A374B1DBF261400BA6974 /* NotificationTableViewCell.xib */ = {isa = PBXFileReference; fileEncoding = 4; lastKnownFileType = file.xib; path = NotificationTableViewCell.xib; sourceTree = "<group>"; };
		43D2EDBB1DAF95AB00E5133E /* TabBarViewController.swift */ = {isa = PBXFileReference; fileEncoding = 4; lastKnownFileType = sourcecode.swift; path = TabBarViewController.swift; sourceTree = "<group>"; };
		43DBC69B1DD4A90200B8A426 /* TransferableViewController.swift */ = {isa = PBXFileReference; fileEncoding = 4; lastKnownFileType = sourcecode.swift; path = TransferableViewController.swift; sourceTree = "<group>"; };
		43F708251DBDE90A006432EB /* Bulletin.swift */ = {isa = PBXFileReference; fileEncoding = 4; lastKnownFileType = sourcecode.swift; path = Bulletin.swift; sourceTree = "<group>"; };
		43F96E891DE172FF00B7D460 /* BulletinCompose.swift */ = {isa = PBXFileReference; fileEncoding = 4; lastKnownFileType = sourcecode.swift; path = BulletinCompose.swift; sourceTree = "<group>"; };
		43F96E8B1DE19A4900B7D460 /* BulletinDetail.swift */ = {isa = PBXFileReference; fileEncoding = 4; lastKnownFileType = sourcecode.swift; path = BulletinDetail.swift; sourceTree = "<group>"; };
		4E9E99101DE6D64500B681A0 /* DetailTableViewController.swift */ = {isa = PBXFileReference; fileEncoding = 4; lastKnownFileType = sourcecode.swift; path = DetailTableViewController.swift; sourceTree = "<group>"; };
		4E9E99111DE6D64500B681A0 /* InformationTableViewController.swift */ = {isa = PBXFileReference; fileEncoding = 4; lastKnownFileType = sourcecode.swift; path = InformationTableViewController.swift; sourceTree = "<group>"; };
		735680C7B9CA8A9AB24F547B /* Pods_shifter.framework */ = {isa = PBXFileReference; explicitFileType = wrapper.framework; includeInIndex = 0; path = Pods_shifter.framework; sourceTree = BUILT_PRODUCTS_DIR; };
		74F47A4D01FED2182C3E71B5 /* Pods-shifter.release.xcconfig */ = {isa = PBXFileReference; includeInIndex = 1; lastKnownFileType = text.xcconfig; name = "Pods-shifter.release.xcconfig"; path = "Pods/Target Support Files/Pods-shifter/Pods-shifter.release.xcconfig"; sourceTree = "<group>"; };
		DF887F1EFBBF18CB0BFB310D /* Pods-shifter.debug.xcconfig */ = {isa = PBXFileReference; includeInIndex = 1; lastKnownFileType = text.xcconfig; name = "Pods-shifter.debug.xcconfig"; path = "Pods/Target Support Files/Pods-shifter/Pods-shifter.debug.xcconfig"; sourceTree = "<group>"; };
/* End PBXFileReference section */

/* Begin PBXFrameworksBuildPhase section */
		43173E011D5328620043399F /* Frameworks */ = {
			isa = PBXFrameworksBuildPhase;
			buildActionMask = 2147483647;
			files = (
				CDCF55F9FA1EE4396F39383B /* Pods_shifter.framework in Frameworks */,
			);
			runOnlyForDeploymentPostprocessing = 0;
		};
/* End PBXFrameworksBuildPhase section */

/* Begin PBXGroup section */
		04852CFC1DB37F9700229CAE /* Lib */ = {
			isa = PBXGroup;
			children = (
				04852CF91DB37F6600229CAE /* shifter-Bridging-Header.h */,
				04852CFD1DB37F9700229CAE /* MSCollectionViewCalendarLayout */,
				04852D001DB37F9700229CAE /* MSWeekView.h */,
				04852D011DB37F9700229CAE /* MSWeekView.m */,
				04852D021DB37F9700229CAE /* Views */,
				04852D171DB37F9700229CAE /* WeekView */,
			);
			path = Lib;
			sourceTree = "<group>";
		};
		04852CFD1DB37F9700229CAE /* MSCollectionViewCalendarLayout */ = {
			isa = PBXGroup;
			children = (
				04852CFE1DB37F9700229CAE /* MSCollectionViewCalendarLayout.h */,
				04852CFF1DB37F9700229CAE /* MSCollectionViewCalendarLayout.m */,
			);
			path = MSCollectionViewCalendarLayout;
			sourceTree = "<group>";
		};
		04852D021DB37F9700229CAE /* Views */ = {
			isa = PBXGroup;
			children = (
				04852D031DB37F9700229CAE /* MSCurrentTimeGridline.h */,
				04852D041DB37F9700229CAE /* MSCurrentTimeGridline.m */,
				04852D051DB37F9700229CAE /* MSCurrentTimeIndicator.h */,
				04852D061DB37F9700229CAE /* MSCurrentTimeIndicator.m */,
				04852D071DB37F9700229CAE /* MSDayColumnHeader.h */,
				04852D081DB37F9700229CAE /* MSDayColumnHeader.m */,
				04852D091DB37F9700229CAE /* MSDayColumnHeaderBackground.h */,
				04852D0A1DB37F9700229CAE /* MSDayColumnHeaderBackground.m */,
				04852D0B1DB37F9700229CAE /* MSDragableEvent.h */,
				04852D0C1DB37F9700229CAE /* MSDragableEvent.m */,
				04852D0D1DB37F9700229CAE /* MSEvent.h */,
				04852D0E1DB37F9700229CAE /* MSEvent.m */,
				04852D0F1DB37F9700229CAE /* MSEventCell.h */,
				04852D101DB37F9700229CAE /* MSEventCell.m */,
				04852D111DB37F9700229CAE /* MSGridline.h */,
				04852D121DB37F9700229CAE /* MSGridline.m */,
				04852D131DB37F9700229CAE /* MSTimeRowHeader.h */,
				04852D141DB37F9700229CAE /* MSTimeRowHeader.m */,
				04852D151DB37F9700229CAE /* MSTimeRowHeaderBackground.h */,
				04852D161DB37F9700229CAE /* MSTimeRowHeaderBackground.m */,
			);
			path = Views;
			sourceTree = "<group>";
		};
		04852D171DB37F9700229CAE /* WeekView */ = {
			isa = PBXGroup;
			children = (
				04852D181DB37F9700229CAE /* Decorators */,
			);
			path = WeekView;
			sourceTree = "<group>";
		};
		04852D181DB37F9700229CAE /* Decorators */ = {
			isa = PBXGroup;
			children = (
				04852D191DB37F9700229CAE /* MSWeekViewDecorator.h */,
				04852D1A1DB37F9700229CAE /* MSWeekViewDecorator.m */,
				04852D1B1DB37F9700229CAE /* MSWeekViewDecoratorDragable.h */,
				04852D1C1DB37F9700229CAE /* MSWeekViewDecoratorDragable.m */,
				04852D1D1DB37F9700229CAE /* MSWeekViewDecoratorFactory.h */,
				04852D1E1DB37F9700229CAE /* MSWeekViewDecoratorFactory.m */,
				04852D1F1DB37F9700229CAE /* MSWeekViewDecoratorInfinite.h */,
				04852D201DB37F9700229CAE /* MSWeekViewDecoratorInfinite.m */,
				04852D211DB37F9700229CAE /* MSWeekViewDecoratorNewEvent.h */,
				04852D221DB37F9700229CAE /* MSWeekViewDecoratorNewEvent.m */,
			);
			path = Decorators;
			sourceTree = "<group>";
		};
		04BCE1271DB4803D004A8162 /* Employee */ = {
			isa = PBXGroup;
			children = (
				04BCE11C1DB38C32004A8162 /* EmployeeWeekViewController.swift */,
				04BCE11F1DB46AB4004A8162 /* EmployeeEventWeekViewController.swift */,
				04BCE1211DB46D65004A8162 /* EmployeeAddEventViewController.swift */,
				043BA15C1DCA148C00262430 /* EmployeeEditEventViewController.swift */,
			);
			name = Employee;
			sourceTree = "<group>";
		};
		04BCE1321DB4953F004A8162 /* ManagerShiftView */ = {
			isa = PBXGroup;
			children = (
				04BCE12C1DB483B0004A8162 /* ManagerShiftDetailViewController.swift */,
				04BCE12A1DB4836A004A8162 /* ManagerShiftViewController.swift */,
			);
			name = ManagerShiftView;
			sourceTree = "<group>";
		};
		04BCE13B1DB4BBCC004A8162 /* ManagerSetEvent */ = {
			isa = PBXGroup;
			children = (
				04BCE1331DB496C3004A8162 /* ManagerSetEventController.swift */,
				04BCE1351DB496D1004A8162 /* addEventTableViewController.swift */,
				04BCE1371DB496DA004A8162 /* editEventTableViewController.swift */,
				0463E87C1DC442C500D93E93 /* PopoverMenuViewController.swift */,
			);
			name = ManagerSetEvent;
			sourceTree = "<group>";
		};
		04BCE13C1DB4BBE2004A8162 /* Shift Schedule */ = {
			isa = PBXGroup;
			children = (
				04BCE1281DB480FD004A8162 /* ShiftViewController.swift */,
				04BCE13B1DB4BBCC004A8162 /* ManagerSetEvent */,
				04BCE1321DB4953F004A8162 /* ManagerShiftView */,
				04BCE1271DB4803D004A8162 /* Employee */,
			);
			name = "Shift Schedule";
			sourceTree = "<group>";
		};
		237C6B846E36FF82684AC830 /* Pods */ = {
			isa = PBXGroup;
			children = (
				DF887F1EFBBF18CB0BFB310D /* Pods-shifter.debug.xcconfig */,
				74F47A4D01FED2182C3E71B5 /* Pods-shifter.release.xcconfig */,
			);
			name = Pods;
			sourceTree = "<group>";
		};
		43173DFB1D5328620043399F = {
			isa = PBXGroup;
			children = (
				043BA1581DC89A2800262430 /* SliderCell.swift */,
				043BA1591DC89A2800262430 /* SliderCell.xib */,
				43173E061D5328620043399F /* shifter */,
				43173E051D5328620043399F /* Products */,
				237C6B846E36FF82684AC830 /* Pods */,
				CB87C5AC26A8BCAFD41E06A6 /* Frameworks */,
			);
			sourceTree = "<group>";
		};
		43173E051D5328620043399F /* Products */ = {
			isa = PBXGroup;
			children = (
				43173E041D5328620043399F /* shifter.app */,
			);
			name = Products;
			sourceTree = "<group>";
		};
		43173E061D5328620043399F /* shifter */ = {
			isa = PBXGroup;
			children = (
				04BCE11E1DB39093004A8162 /* shifter.entitlements */,
				04EAAE811DBB49FD00AB7853 /* GoogleService-Info.plist */,
				43173E131D5328620043399F /* Info.plist */,
				43173E0E1D5328620043399F /* Assets.xcassets */,
				04852CFC1DB37F9700229CAE /* Lib */,
				4378DA8C1DBCB04D00DCAE85 /* Views */,
				43F2A6751DBCAFD0002E0D1A /* View Controllers */,
			);
			path = shifter;
			sourceTree = "<group>";
		};
		4378DA8C1DBCB04D00DCAE85 /* Views */ = {
			isa = PBXGroup;
			children = (
				43173E0B1D5328620043399F /* Main.storyboard */,
				43173E101D5328620043399F /* LaunchScreen.storyboard */,
				4326143E1DACCD4D0080AD10 /* DateTableViewCell.xib */,
				432614371DABC64C0080AD10 /* TextInputTableViewCell.xib */,
				04BCE1251DB470EF004A8162 /* DatePickerCell.xib */,
				435A374B1DBF261400BA6974 /* NotificationTableViewCell.xib */,
			);
			name = Views;
			sourceTree = "<group>";
		};
		4378DA8D1DBCB09000DCAE85 /* Login */ = {
			isa = PBXGroup;
			children = (
				430738C61D59E108006F749A /* LoginViewContoller.swift */,
			);
			name = Login;
			sourceTree = "<group>";
		};
		4378DA8E1DBCB0A800DCAE85 /* Tab Bar */ = {
			isa = PBXGroup;
			children = (
				43D2EDBB1DAF95AB00E5133E /* TabBarViewController.swift */,
			);
			name = "Tab Bar";
			sourceTree = "<group>";
		};
		4378DA8F1DBCB0B900DCAE85 /* Bulletin */ = {
			isa = PBXGroup;
			children = (
				4326143D1DACCD4D0080AD10 /* DateTableViewCell.swift */,
				432687331D83DD2A003BD479 /* TextInputTableViewCell.swift */,
				43F708251DBDE90A006432EB /* Bulletin.swift */,
				43F96E891DE172FF00B7D460 /* BulletinCompose.swift */,
				43F96E8B1DE19A4900B7D460 /* BulletinDetail.swift */,
			);
			name = Bulletin;
			sourceTree = "<group>";
		};
		4378DA901DBCB0D200DCAE85 /* 分類一下 */ = {
			isa = PBXGroup;
			children = (
				04BCE1231DB470E7004A8162 /* DatePickerCell.swift */,
				04BCE12E1DB490A1004A8162 /* ConditionTableViewCell.swift */,
				04BCE1301DB490B9004A8162 /* ShiftEmployeeTableViewCell.swift */,
				04BCE1391DB49934004A8162 /* employeeCell.swift */,
			);
			name = "分類一下";
			sourceTree = "<group>";
		};
		4378DA911DBCB0EC00DCAE85 /* Notification */ = {
			isa = PBXGroup;
			children = (
				4310221D1D60D6EB00C47D22 /* Notification.swift */,
				435A374A1DBF261400BA6974 /* NotificationTableViewCell.swift */,
			);
			name = Notification;
			sourceTree = "<group>";
		};
		4378DA921DBCB0F700DCAE85 /* Information */ = {
			isa = PBXGroup;
			children = (
				4E9E99101DE6D64500B681A0 /* DetailTableViewController.swift */,
				4E9E99111DE6D64500B681A0 /* InformationTableViewController.swift */,
			);
			name = Information;
			sourceTree = "<group>";
		};
		4378DA931DBCB10000DCAE85 /* Settings */ = {
			isa = PBXGroup;
			children = (
				431022211D60E8F400C47D22 /* Settings.swift */,
				43DBC69B1DD4A90200B8A426 /* TransferableViewController.swift */,
			);
			name = Settings;
			sourceTree = "<group>";
		};
		43F2A6751DBCAFD0002E0D1A /* View Controllers */ = {
			isa = PBXGroup;
			children = (
				43173E071D5328620043399F /* AppDelegate.swift */,
				431554EF1DD06123008434BB /* Helpers.swift */,
				04BCE13C1DB4BBE2004A8162 /* Shift Schedule */,
				4378DA8D1DBCB09000DCAE85 /* Login */,
				4378DA8E1DBCB0A800DCAE85 /* Tab Bar */,
				4378DA8F1DBCB0B900DCAE85 /* Bulletin */,
				4378DA901DBCB0D200DCAE85 /* 分類一下 */,
				4378DA911DBCB0EC00DCAE85 /* Notification */,
				4378DA921DBCB0F700DCAE85 /* Information */,
				4378DA931DBCB10000DCAE85 /* Settings */,
			);
			name = "View Controllers";
			sourceTree = "<group>";
		};
		CB87C5AC26A8BCAFD41E06A6 /* Frameworks */ = {
			isa = PBXGroup;
			children = (
				0468C0411DBA6E29003CC48A /* PopupDialog.framework */,
				735680C7B9CA8A9AB24F547B /* Pods_shifter.framework */,
			);
			name = Frameworks;
			sourceTree = "<group>";
		};
/* End PBXGroup section */

/* Begin PBXNativeTarget section */
		43173E031D5328620043399F /* shifter */ = {
			isa = PBXNativeTarget;
			buildConfigurationList = 43173E161D5328620043399F /* Build configuration list for PBXNativeTarget "shifter" */;
			buildPhases = (
				84653A6F57D8DE096ABC856B /* [CP] Check Pods Manifest.lock */,
				43173E001D5328620043399F /* Sources */,
				43173E011D5328620043399F /* Frameworks */,
				43173E021D5328620043399F /* Resources */,
				37985CD63E926F9262640B75 /* [CP] Embed Pods Frameworks */,
				B45F9A9C326C876D9D31124F /* [CP] Copy Pods Resources */,
			);
			buildRules = (
			);
			dependencies = (
			);
			name = shifter;
			productName = shifter;
			productReference = 43173E041D5328620043399F /* shifter.app */;
			productType = "com.apple.product-type.application";
		};
/* End PBXNativeTarget section */

/* Begin PBXProject section */
		43173DFC1D5328620043399F /* Project object */ = {
			isa = PBXProject;
			attributes = {
				LastSwiftUpdateCheck = 0720;
				LastUpgradeCheck = 0720;
				ORGANIZATIONNAME = Chlorophyll;
				TargetAttributes = {
					43173E031D5328620043399F = {
						CreatedOnToolsVersion = 7.2.1;
						DevelopmentTeam = 993TN7KGWA;
						LastSwiftMigration = 0800;
						SystemCapabilities = {
							com.apple.Keychain = {
								enabled = 1;
							};
						};
					};
				};
			};
			buildConfigurationList = 43173DFF1D5328620043399F /* Build configuration list for PBXProject "shifter" */;
			compatibilityVersion = "Xcode 3.2";
			developmentRegion = English;
			hasScannedForEncodings = 0;
			knownRegions = (
				en,
				Base,
			);
			mainGroup = 43173DFB1D5328620043399F;
			productRefGroup = 43173E051D5328620043399F /* Products */;
			projectDirPath = "";
			projectRoot = "";
			targets = (
				43173E031D5328620043399F /* shifter */,
			);
		};
/* End PBXProject section */

/* Begin PBXResourcesBuildPhase section */
		43173E021D5328620043399F /* Resources */ = {
			isa = PBXResourcesBuildPhase;
			buildActionMask = 2147483647;
			files = (
				043BA15B1DC89A2800262430 /* SliderCell.xib in Resources */,
				435A374D1DBF261400BA6974 /* NotificationTableViewCell.xib in Resources */,
				43173E121D5328620043399F /* LaunchScreen.storyboard in Resources */,
				04EAAE821DBB49FD00AB7853 /* GoogleService-Info.plist in Resources */,
				432614401DACCD4D0080AD10 /* DateTableViewCell.xib in Resources */,
				432614381DABC64C0080AD10 /* TextInputTableViewCell.xib in Resources */,
				04BCE1261DB470EF004A8162 /* DatePickerCell.xib in Resources */,
				43173E0F1D5328620043399F /* Assets.xcassets in Resources */,
				43173E0D1D5328620043399F /* Main.storyboard in Resources */,
			);
			runOnlyForDeploymentPostprocessing = 0;
		};
/* End PBXResourcesBuildPhase section */

/* Begin PBXShellScriptBuildPhase section */
		37985CD63E926F9262640B75 /* [CP] Embed Pods Frameworks */ = {
			isa = PBXShellScriptBuildPhase;
			buildActionMask = 2147483647;
			files = (
			);
			inputPaths = (
			);
			name = "[CP] Embed Pods Frameworks";
			outputPaths = (
			);
			runOnlyForDeploymentPostprocessing = 0;
			shellPath = /bin/sh;
			shellScript = "\"${SRCROOT}/Pods/Target Support Files/Pods-shifter/Pods-shifter-frameworks.sh\"\n";
			showEnvVarsInLog = 0;
		};
		84653A6F57D8DE096ABC856B /* [CP] Check Pods Manifest.lock */ = {
			isa = PBXShellScriptBuildPhase;
			buildActionMask = 2147483647;
			files = (
			);
			inputPaths = (
			);
			name = "[CP] Check Pods Manifest.lock";
			outputPaths = (
			);
			runOnlyForDeploymentPostprocessing = 0;
			shellPath = /bin/sh;
			shellScript = "diff \"${PODS_ROOT}/../Podfile.lock\" \"${PODS_ROOT}/Manifest.lock\" > /dev/null\nif [[ $? != 0 ]] ; then\n    cat << EOM\nerror: The sandbox is not in sync with the Podfile.lock. Run 'pod install' or update your CocoaPods installation.\nEOM\n    exit 1\nfi\n";
			showEnvVarsInLog = 0;
		};
		B45F9A9C326C876D9D31124F /* [CP] Copy Pods Resources */ = {
			isa = PBXShellScriptBuildPhase;
			buildActionMask = 2147483647;
			files = (
			);
			inputPaths = (
			);
			name = "[CP] Copy Pods Resources";
			outputPaths = (
			);
			runOnlyForDeploymentPostprocessing = 0;
			shellPath = /bin/sh;
			shellScript = "\"${SRCROOT}/Pods/Target Support Files/Pods-shifter/Pods-shifter-resources.sh\"\n";
			showEnvVarsInLog = 0;
		};
/* End PBXShellScriptBuildPhase section */

/* Begin PBXSourcesBuildPhase section */
		43173E001D5328620043399F /* Sources */ = {
			isa = PBXSourcesBuildPhase;
			buildActionMask = 2147483647;
			files = (
				04852D261DB37F9700229CAE /* MSCurrentTimeGridline.m in Sources */,
				04852D291DB37F9700229CAE /* MSDayColumnHeaderBackground.m in Sources */,
				04852D281DB37F9700229CAE /* MSDayColumnHeader.m in Sources */,
				04852D331DB37F9700229CAE /* MSWeekViewDecoratorInfinite.m in Sources */,
				04BCE1201DB46AB4004A8162 /* EmployeeEventWeekViewController.swift in Sources */,
				432687341D83DD2A003BD479 /* TextInputTableViewCell.swift in Sources */,
				04BCE12F1DB490A1004A8162 /* ConditionTableViewCell.swift in Sources */,
				43F708261DBDE90A006432EB /* Bulletin.swift in Sources */,
				04852D341DB37F9700229CAE /* MSWeekViewDecoratorNewEvent.m in Sources */,
				04852D2A1DB37F9700229CAE /* MSDragableEvent.m in Sources */,
				043BA15D1DCA148C00262430 /* EmployeeEditEventViewController.swift in Sources */,
				43D2EDBC1DAF95AB00E5133E /* TabBarViewController.swift in Sources */,
				04852D241DB37F9700229CAE /* MSCollectionViewCalendarLayout.m in Sources */,
				04BCE11D1DB38C32004A8162 /* EmployeeWeekViewController.swift in Sources */,
				431022221D60E8F400C47D22 /* Settings.swift in Sources */,
				43DBC69C1DD4A90200B8A426 /* TransferableViewController.swift in Sources */,
				04BCE1311DB490B9004A8162 /* ShiftEmployeeTableViewCell.swift in Sources */,
				04852D321DB37F9700229CAE /* MSWeekViewDecoratorFactory.m in Sources */,
				04BCE1361DB496D1004A8162 /* addEventTableViewController.swift in Sources */,
				04852D301DB37F9700229CAE /* MSWeekViewDecorator.m in Sources */,
				04852D2B1DB37F9700229CAE /* MSEvent.m in Sources */,
				4310221E1D60D6EB00C47D22 /* Notification.swift in Sources */,
				043BA15A1DC89A2800262430 /* SliderCell.swift in Sources */,
				04BCE12D1DB483B0004A8162 /* ManagerShiftDetailViewController.swift in Sources */,
				04BCE1341DB496C3004A8162 /* ManagerSetEventController.swift in Sources */,
				04852D271DB37F9700229CAE /* MSCurrentTimeIndicator.m in Sources */,
				431554F01DD06123008434BB /* Helpers.swift in Sources */,
				04BCE1221DB46D65004A8162 /* EmployeeAddEventViewController.swift in Sources */,
				43F96E8C1DE19A4900B7D460 /* BulletinDetail.swift in Sources */,
				430738C71D59E108006F749A /* LoginViewContoller.swift in Sources */,
				0463E87D1DC442C500D93E93 /* PopoverMenuViewController.swift in Sources */,
				04BCE1291DB480FE004A8162 /* ShiftViewController.swift in Sources */,
				04852D2C1DB37F9700229CAE /* MSEventCell.m in Sources */,
				4326143F1DACCD4D0080AD10 /* DateTableViewCell.swift in Sources */,
				04852D311DB37F9700229CAE /* MSWeekViewDecoratorDragable.m in Sources */,
				04852D2E1DB37F9700229CAE /* MSTimeRowHeader.m in Sources */,
				4E9E99121DE6D64500B681A0 /* DetailTableViewController.swift in Sources */,
				43F96E8A1DE172FF00B7D460 /* BulletinCompose.swift in Sources */,
				04852D2F1DB37F9700229CAE /* MSTimeRowHeaderBackground.m in Sources */,
				435A374C1DBF261400BA6974 /* NotificationTableViewCell.swift in Sources */,
				43173E081D5328620043399F /* AppDelegate.swift in Sources */,
				04BCE13A1DB49934004A8162 /* employeeCell.swift in Sources */,
				4E9E99131DE6D64500B681A0 /* InformationTableViewController.swift in Sources */,
				04BCE1381DB496DA004A8162 /* editEventTableViewController.swift in Sources */,
				04BCE12B1DB4836A004A8162 /* ManagerShiftViewController.swift in Sources */,
				04852D2D1DB37F9700229CAE /* MSGridline.m in Sources */,
				04852D251DB37F9700229CAE /* MSWeekView.m in Sources */,
				04BCE1241DB470E7004A8162 /* DatePickerCell.swift in Sources */,
			);
			runOnlyForDeploymentPostprocessing = 0;
		};
/* End PBXSourcesBuildPhase section */

/* Begin PBXVariantGroup section */
		43173E0B1D5328620043399F /* Main.storyboard */ = {
			isa = PBXVariantGroup;
			children = (
				43173E0C1D5328620043399F /* Base */,
			);
			name = Main.storyboard;
			sourceTree = "<group>";
		};
		43173E101D5328620043399F /* LaunchScreen.storyboard */ = {
			isa = PBXVariantGroup;
			children = (
				43173E111D5328620043399F /* Base */,
			);
			name = LaunchScreen.storyboard;
			sourceTree = "<group>";
		};
/* End PBXVariantGroup section */

/* Begin XCBuildConfiguration section */
		43173E141D5328620043399F /* Debug */ = {
			isa = XCBuildConfiguration;
			buildSettings = {
				ALWAYS_SEARCH_USER_PATHS = NO;
				CLANG_CXX_LANGUAGE_STANDARD = "gnu++0x";
				CLANG_CXX_LIBRARY = "libc++";
				CLANG_ENABLE_MODULES = YES;
				CLANG_ENABLE_OBJC_ARC = YES;
				CLANG_WARN_BOOL_CONVERSION = YES;
				CLANG_WARN_CONSTANT_CONVERSION = YES;
				CLANG_WARN_DIRECT_OBJC_ISA_USAGE = YES_ERROR;
				CLANG_WARN_EMPTY_BODY = YES;
				CLANG_WARN_ENUM_CONVERSION = YES;
				CLANG_WARN_INT_CONVERSION = YES;
				CLANG_WARN_OBJC_ROOT_CLASS = YES_ERROR;
				CLANG_WARN_UNREACHABLE_CODE = YES;
				CLANG_WARN__DUPLICATE_METHOD_MATCH = YES;
				"CODE_SIGN_IDENTITY[sdk=iphoneos*]" = "iPhone Developer";
				COPY_PHASE_STRIP = NO;
				DEBUG_INFORMATION_FORMAT = dwarf;
				ENABLE_STRICT_OBJC_MSGSEND = YES;
				ENABLE_TESTABILITY = YES;
				GCC_C_LANGUAGE_STANDARD = gnu99;
				GCC_DYNAMIC_NO_PIC = NO;
				GCC_NO_COMMON_BLOCKS = YES;
				GCC_OPTIMIZATION_LEVEL = 0;
				GCC_PREPROCESSOR_DEFINITIONS = (
					"DEBUG=1",
					"$(inherited)",
				);
				GCC_WARN_64_TO_32_BIT_CONVERSION = YES;
				GCC_WARN_ABOUT_RETURN_TYPE = YES_ERROR;
				GCC_WARN_UNDECLARED_SELECTOR = YES;
				GCC_WARN_UNINITIALIZED_AUTOS = YES_AGGRESSIVE;
				GCC_WARN_UNUSED_FUNCTION = YES;
				GCC_WARN_UNUSED_VARIABLE = YES;
				IPHONEOS_DEPLOYMENT_TARGET = 9.2;
				MTL_ENABLE_DEBUG_INFO = YES;
				ONLY_ACTIVE_ARCH = YES;
				SDKROOT = iphoneos;
				SWIFT_OPTIMIZATION_LEVEL = "-Onone";
				TARGETED_DEVICE_FAMILY = "1,2";
			};
			name = Debug;
		};
		43173E151D5328620043399F /* Release */ = {
			isa = XCBuildConfiguration;
			buildSettings = {
				ALWAYS_SEARCH_USER_PATHS = NO;
				CLANG_CXX_LANGUAGE_STANDARD = "gnu++0x";
				CLANG_CXX_LIBRARY = "libc++";
				CLANG_ENABLE_MODULES = YES;
				CLANG_ENABLE_OBJC_ARC = YES;
				CLANG_WARN_BOOL_CONVERSION = YES;
				CLANG_WARN_CONSTANT_CONVERSION = YES;
				CLANG_WARN_DIRECT_OBJC_ISA_USAGE = YES_ERROR;
				CLANG_WARN_EMPTY_BODY = YES;
				CLANG_WARN_ENUM_CONVERSION = YES;
				CLANG_WARN_INT_CONVERSION = YES;
				CLANG_WARN_OBJC_ROOT_CLASS = YES_ERROR;
				CLANG_WARN_UNREACHABLE_CODE = YES;
				CLANG_WARN__DUPLICATE_METHOD_MATCH = YES;
				"CODE_SIGN_IDENTITY[sdk=iphoneos*]" = "iPhone Developer";
				COPY_PHASE_STRIP = NO;
				DEBUG_INFORMATION_FORMAT = "dwarf-with-dsym";
				ENABLE_NS_ASSERTIONS = NO;
				ENABLE_STRICT_OBJC_MSGSEND = YES;
				GCC_C_LANGUAGE_STANDARD = gnu99;
				GCC_NO_COMMON_BLOCKS = YES;
				GCC_WARN_64_TO_32_BIT_CONVERSION = YES;
				GCC_WARN_ABOUT_RETURN_TYPE = YES_ERROR;
				GCC_WARN_UNDECLARED_SELECTOR = YES;
				GCC_WARN_UNINITIALIZED_AUTOS = YES_AGGRESSIVE;
				GCC_WARN_UNUSED_FUNCTION = YES;
				GCC_WARN_UNUSED_VARIABLE = YES;
				IPHONEOS_DEPLOYMENT_TARGET = 9.2;
				MTL_ENABLE_DEBUG_INFO = NO;
				SDKROOT = iphoneos;
				TARGETED_DEVICE_FAMILY = "1,2";
				VALIDATE_PRODUCT = YES;
			};
			name = Release;
		};
		43173E171D5328620043399F /* Debug */ = {
			isa = XCBuildConfiguration;
			baseConfigurationReference = DF887F1EFBBF18CB0BFB310D /* Pods-shifter.debug.xcconfig */;
			buildSettings = {
				ASSETCATALOG_COMPILER_APPICON_NAME = AppIcon;
				CLANG_ENABLE_MODULES = YES;
				CODE_SIGN_ENTITLEMENTS = shifter/shifter.entitlements;
				CODE_SIGN_IDENTITY = "iPhone Developer";
				"CODE_SIGN_IDENTITY[sdk=iphoneos*]" = "iPhone Developer";
				HEADER_SEARCH_PATHS = (
					"$(inherited)",
					"${PODS_ROOT}/Firebase/Headers",
					"$(inherited)",
					"\"${PODS_ROOT}/Headers/Public\"",
					"\"${PODS_ROOT}/Headers/Public/Firebase\"",
					"\"${PODS_ROOT}/Headers/Public/FirebaseAnalytics\"",
					"\"${PODS_ROOT}/Headers/Public/FirebaseAuth\"",
					"\"${PODS_ROOT}/Headers/Public/FirebaseDatabase\"",
					"\"${PODS_ROOT}/Headers/Public/FirebaseInstanceID\"",
					"\"${PODS_ROOT}/Headers/Public/GoogleInterchangeUtilities\"",
					"\"${PODS_ROOT}/Headers/Public/GoogleNetworkingUtilities\"",
					"\"${PODS_ROOT}/Headers/Public/GoogleSymbolUtilities\"",
					"\"${PODS_ROOT}/Headers/Public/GoogleUtilities\"",
				);
				INFOPLIST_FILE = shifter/Info.plist;
				LD_RUNPATH_SEARCH_PATHS = "$(inherited) @executable_path/Frameworks";
				PRODUCT_BUNDLE_IDENTIFIER = chlorophyll.shifter;
				PRODUCT_NAME = "$(TARGET_NAME)";
				PROVISIONING_PROFILE = "";
				SWIFT_OBJC_BRIDGING_HEADER = "shifter/shifter-Bridging-Header.h";
				SWIFT_OPTIMIZATION_LEVEL = "-Onone";
				SWIFT_VERSION = 2.3;
				TARGETED_DEVICE_FAMILY = 1;
				USER_HEADER_SEARCH_PATHS = "\"${PODS_ROOT}/\"/**";
			};
			name = Debug;
		};
		43173E181D5328620043399F /* Release */ = {
			isa = XCBuildConfiguration;
			baseConfigurationReference = 74F47A4D01FED2182C3E71B5 /* Pods-shifter.release.xcconfig */;
			buildSettings = {
				ASSETCATALOG_COMPILER_APPICON_NAME = AppIcon;
				CLANG_ENABLE_MODULES = YES;
				CODE_SIGN_ENTITLEMENTS = shifter/shifter.entitlements;
				CODE_SIGN_IDENTITY = "iPhone Developer";
				"CODE_SIGN_IDENTITY[sdk=iphoneos*]" = "iPhone Developer";
				HEADER_SEARCH_PATHS = (
					"$(inherited)",
					"${PODS_ROOT}/Firebase/Headers",
					"$(inherited)",
					"\"${PODS_ROOT}/Headers/Public\"",
					"\"${PODS_ROOT}/Headers/Public/Firebase\"",
					"\"${PODS_ROOT}/Headers/Public/FirebaseAnalytics\"",
					"\"${PODS_ROOT}/Headers/Public/FirebaseAuth\"",
					"\"${PODS_ROOT}/Headers/Public/FirebaseDatabase\"",
					"\"${PODS_ROOT}/Headers/Public/FirebaseInstanceID\"",
					"\"${PODS_ROOT}/Headers/Public/GoogleInterchangeUtilities\"",
					"\"${PODS_ROOT}/Headers/Public/GoogleNetworkingUtilities\"",
					"\"${PODS_ROOT}/Headers/Public/GoogleSymbolUtilities\"",
					"\"${PODS_ROOT}/Headers/Public/GoogleUtilities\"",
				);
				INFOPLIST_FILE = shifter/Info.plist;
				LD_RUNPATH_SEARCH_PATHS = "$(inherited) @executable_path/Frameworks";
				PRODUCT_BUNDLE_IDENTIFIER = chlorophyll.shifter;
				PRODUCT_NAME = "$(TARGET_NAME)";
				PROVISIONING_PROFILE = "";
				SWIFT_OBJC_BRIDGING_HEADER = "shifter/shifter-Bridging-Header.h";
				SWIFT_VERSION = 2.3;
				TARGETED_DEVICE_FAMILY = 1;
				USER_HEADER_SEARCH_PATHS = "\"${PODS_ROOT}/\"/**";
			};
			name = Release;
		};
/* End XCBuildConfiguration section */

/* Begin XCConfigurationList section */
		43173DFF1D5328620043399F /* Build configuration list for PBXProject "shifter" */ = {
			isa = XCConfigurationList;
			buildConfigurations = (
				43173E141D5328620043399F /* Debug */,
				43173E151D5328620043399F /* Release */,
			);
			defaultConfigurationIsVisible = 0;
			defaultConfigurationName = Release;
		};
		43173E161D5328620043399F /* Build configuration list for PBXNativeTarget "shifter" */ = {
			isa = XCConfigurationList;
			buildConfigurations = (
				43173E171D5328620043399F /* Debug */,
				43173E181D5328620043399F /* Release */,
			);
			defaultConfigurationIsVisible = 0;
			defaultConfigurationName = Release;
		};
/* End XCConfigurationList section */
	};
	rootObject = 43173DFC1D5328620043399F /* Project object */;
}
